
Microsoft Visual Studio Solution File, Format Version 12.00
# Visual Studio Version 17
VisualStudioVersion = 17.10.35027.167
MinimumVisualStudioVersion = 10.0.40219.1
Project("{FAE04EC0-301F-11D3-BF4B-00C04F79EFBC}") = "GeladeiraOO", "GeladeiraOO.csproj", "{F214A52D-2818-401E-8120-ACEA35854066}"
EndProject
Global
	GlobalSection(SolutionConfigurationPlatforms) = preSolution
		Debug|Any CPU = Debug|Any CPU
		Release|Any CPU = Release|Any CPU
	EndGlobalSection
	GlobalSection(ProjectConfigurationPlatforms) = postSolution
		{F214A52D-2818-401E-8120-ACEA35854066}.Debug|Any CPU.ActiveCfg = Debug|Any CPU
		{F214A52D-2818-401E-8120-ACEA35854066}.Debug|Any CPU.Build.0 = Debug|Any CPU
		{F214A52D-2818-401E-8120-ACEA35854066}.Release|Any CPU.ActiveCfg = Release|Any CPU
		{F214A52D-2818-401E-8120-ACEA35854066}.Release|Any CPU.Build.0 = Release|Any CPU
	EndGlobalSection
	GlobalSection(SolutionProperties) = preSolution
		HideSolutionNode = FALSE
	EndGlobalSection
	GlobalSection(ExtensibilityGlobals) = postSolution
		SolutionGuid = {E82155FB-958D-4784-80C2-AE8D3CE81739}
	EndGlobalSection
EndGlobal
